
Microsoft Visual Studio Solution File, Format Version 12.00
# Visual Studio 2013
VisualStudioVersion = 12.0.31101.0
MinimumVisualStudioVersion = 10.0.40219.1
Project("{E24C65DC-7377-472B-9ABA-BC803B73C61A}") = "cosmo.sampleapp", "cosmo.sampleapp\", "{7C34ED99-E419-4F91-A01F-69D49FF1D6EE}"
	ProjectSection(WebsiteProperties) = preProject
		TargetFrameworkMoniker = ".NETFramework,Version%3Dv4.0"
		ProjectReferences = "{c7e97076-48de-4c11-a296-be5b4116fc25}|Cosmo.Core.dll;{29240063-a68c-4e45-9400-dd7ff915744b}|Cosmo.Cms.Core.dll;{6a9dba48-d69a-4716-b88b-4569a179a2ac}|Rwm.WebApp.dll;"
		Debug.AspNetCompiler.VirtualPath = "/cosmo.sampleapp"
		Debug.AspNetCompiler.PhysicalPath = "cosmo.sampleapp\"
		Debug.AspNetCompiler.TargetPath = "PrecompiledWeb\cosmo.sampleapp\"
		Debug.AspNetCompiler.Updateable = "true"
		Debug.AspNetCompiler.ForceOverwrite = "true"
		Debug.AspNetCompiler.FixedNames = "false"
		Debug.AspNetCompiler.Debug = "True"
		Release.AspNetCompiler.VirtualPath = "/cosmo.sampleapp"
		Release.AspNetCompiler.PhysicalPath = "cosmo.sampleapp\"
		Release.AspNetCompiler.TargetPath = "PrecompiledWeb\cosmo.sampleapp\"
		Release.AspNetCompiler.Updateable = "true"
		Release.AspNetCompiler.ForceOverwrite = "true"
		Release.AspNetCompiler.FixedNames = "false"
		Release.AspNetCompiler.Debug = "False"
		VWDPort = "8103"
		VWDDynamicPort = "false"
		SlnRelativePath = "cosmo.sampleapp\"
	EndProjectSection
EndProject
Project("{FAE04EC0-301F-11D3-BF4B-00C04F79EFBC}") = "Cosmo.Core", "cosmo.core\Cosmo.Core.csproj", "{C7E97076-48DE-4C11-A296-BE5B4116FC25}"
EndProject
Project("{FAE04EC0-301F-11D3-BF4B-00C04F79EFBC}") = "Cosmo.Cms.Core", "cosmo.cms.core\Cosmo.Cms.Core.csproj", "{29240063-A68C-4E45-9400-DD7FF915744B}"
EndProject
Project("{FAE04EC0-301F-11D3-BF4B-00C04F79EFBC}") = "Rwm.WebApp", "Rwm.Web\Rwm.WebApp.csproj", "{6A9DBA48-D69A-4716-B88B-4569A179A2AC}"
EndProject
Global
	GlobalSection(SolutionConfigurationPlatforms) = preSolution
		Debug|Any CPU = Debug|Any CPU
		Release|Any CPU = Release|Any CPU
	EndGlobalSection
	GlobalSection(ProjectConfigurationPlatforms) = postSolution
		{7C34ED99-E419-4F91-A01F-69D49FF1D6EE}.Debug|Any CPU.ActiveCfg = Debug|Any CPU
		{7C34ED99-E419-4F91-A01F-69D49FF1D6EE}.Debug|Any CPU.Build.0 = Debug|Any CPU
		{7C34ED99-E419-4F91-A01F-69D49FF1D6EE}.Release|Any CPU.ActiveCfg = Debug|Any CPU
		{7C34ED99-E419-4F91-A01F-69D49FF1D6EE}.Release|Any CPU.Build.0 = Debug|Any CPU
		{C7E97076-48DE-4C11-A296-BE5B4116FC25}.Debug|Any CPU.ActiveCfg = Debug|Any CPU
		{C7E97076-48DE-4C11-A296-BE5B4116FC25}.Debug|Any CPU.Build.0 = Debug|Any CPU
		{C7E97076-48DE-4C11-A296-BE5B4116FC25}.Release|Any CPU.ActiveCfg = Release|Any CPU
		{C7E97076-48DE-4C11-A296-BE5B4116FC25}.Release|Any CPU.Build.0 = Release|Any CPU
		{29240063-A68C-4E45-9400-DD7FF915744B}.Debug|Any CPU.ActiveCfg = Debug|Any CPU
		{29240063-A68C-4E45-9400-DD7FF915744B}.Debug|Any CPU.Build.0 = Debug|Any CPU
		{29240063-A68C-4E45-9400-DD7FF915744B}.Release|Any CPU.ActiveCfg = Release|Any CPU
		{29240063-A68C-4E45-9400-DD7FF915744B}.Release|Any CPU.Build.0 = Release|Any CPU
		{6A9DBA48-D69A-4716-B88B-4569A179A2AC}.Debug|Any CPU.ActiveCfg = Debug|Any CPU
		{6A9DBA48-D69A-4716-B88B-4569A179A2AC}.Debug|Any CPU.Build.0 = Debug|Any CPU
		{6A9DBA48-D69A-4716-B88B-4569A179A2AC}.Release|Any CPU.ActiveCfg = Release|Any CPU
		{6A9DBA48-D69A-4716-B88B-4569A179A2AC}.Release|Any CPU.Build.0 = Release|Any CPU
	EndGlobalSection
	GlobalSection(SolutionProperties) = preSolution
		HideSolutionNode = FALSE
	EndGlobalSection
EndGlobal
